// !$*UTF8*$!
{
	archiveVersion = 1;
	classes = {
	};
	objectVersion = 55;
	objects = {

/* Begin PBXBuildFile section */
		094EB83628F5FBD80060C2FF /* AppDelegate.swift in Sources */ = {isa = PBXBuildFile; fileRef = 094EB83528F5FBD80060C2FF /* AppDelegate.swift */; };
		094EB83A28F5FBD80060C2FF /* ViewController.swift in Sources */ = {isa = PBXBuildFile; fileRef = 094EB83928F5FBD80060C2FF /* ViewController.swift */; };
		094EB83D28F5FBD90060C2FF /* Main.storyboard in Resources */ = {isa = PBXBuildFile; fileRef = 094EB83B28F5FBD90060C2FF /* Main.storyboard */; };
		094EB83F28F5FBDC0060C2FF /* Assets.xcassets in Resources */ = {isa = PBXBuildFile; fileRef = 094EB83E28F5FBDC0060C2FF /* Assets.xcassets */; };
		094EB84228F5FBDC0060C2FF /* LaunchScreen.storyboard in Resources */ = {isa = PBXBuildFile; fileRef = 094EB84028F5FBDC0060C2FF /* LaunchScreen.storyboard */; };
		094EB85128F5FED70060C2FF /* OnboardingModel.swift in Sources */ = {isa = PBXBuildFile; fileRef = 094EB85028F5FED70060C2FF /* OnboardingModel.swift */; };
		094EB85328F5FEE40060C2FF /* Onboarding.swift in Sources */ = {isa = PBXBuildFile; fileRef = 094EB85228F5FEE30060C2FF /* Onboarding.swift */; };
		094EB85528F5FFBC0060C2FF /* OnboardingView.swift in Sources */ = {isa = PBXBuildFile; fileRef = 094EB85428F5FFBC0060C2FF /* OnboardingView.swift */; };
		094EB85728F6005A0060C2FF /* OnboardingTableViewCell.swift in Sources */ = {isa = PBXBuildFile; fileRef = 094EB85628F6005A0060C2FF /* OnboardingTableViewCell.swift */; };
		094EB85928F6008A0060C2FF /* SwitchTableViewCell.swift in Sources */ = {isa = PBXBuildFile; fileRef = 094EB85828F6008A0060C2FF /* SwitchTableViewCell.swift */; };
		094EB85C28F600C90060C2FF /* SnapKit in Frameworks */ = {isa = PBXBuildFile; productRef = 094EB85B28F600C90060C2FF /* SnapKit */; };
		094EB85E28F601070060C2FF /* DetailView.swift in Sources */ = {isa = PBXBuildFile; fileRef = 094EB85D28F601070060C2FF /* DetailView.swift */; };
/* End PBXBuildFile section */

/* Begin PBXFileReference section */
		094EB83228F5FBD80060C2FF /* HW-15.app */ = {isa = PBXFileReference; explicitFileType = wrapper.application; includeInIndex = 0; path = "HW-15.app"; sourceTree = BUILT_PRODUCTS_DIR; };
		094EB83528F5FBD80060C2FF /* AppDelegate.swift */ = {isa = PBXFileReference; lastKnownFileType = sourcecode.swift; path = AppDelegate.swift; sourceTree = "<group>"; };
		094EB83928F5FBD80060C2FF /* ViewController.swift */ = {isa = PBXFileReference; lastKnownFileType = sourcecode.swift; path = ViewController.swift; sourceTree = "<group>"; };
		094EB83C28F5FBD90060C2FF /* Base */ = {isa = PBXFileReference; lastKnownFileType = file.storyboard; name = Base; path = Base.lproj/Main.storyboard; sourceTree = "<group>"; };
		094EB83E28F5FBDC0060C2FF /* Assets.xcassets */ = {isa = PBXFileReference; lastKnownFileType = folder.assetcatalog; path = Assets.xcassets; sourceTree = "<group>"; };
		094EB84128F5FBDC0060C2FF /* Base */ = {isa = PBXFileReference; lastKnownFileType = file.storyboard; name = Base; path = Base.lproj/LaunchScreen.storyboard; sourceTree = "<group>"; };
		094EB84328F5FBDC0060C2FF /* Info.plist */ = {isa = PBXFileReference; lastKnownFileType = text.plist.xml; name = Info.plist; path = "HW-15/Resources/Info.plist"; sourceTree = SOURCE_ROOT; };
		094EB85028F5FED70060C2FF /* OnboardingModel.swift */ = {isa = PBXFileReference; lastKnownFileType = sourcecode.swift; path = OnboardingModel.swift; sourceTree = "<group>"; };
		094EB85228F5FEE30060C2FF /* Onboarding.swift */ = {isa = PBXFileReference; lastKnownFileType = sourcecode.swift; path = Onboarding.swift; sourceTree = "<group>"; };
		094EB85428F5FFBC0060C2FF /* OnboardingView.swift */ = {isa = PBXFileReference; lastKnownFileType = sourcecode.swift; path = OnboardingView.swift; sourceTree = "<group>"; };
		094EB85628F6005A0060C2FF /* OnboardingTableViewCell.swift */ = {isa = PBXFileReference; lastKnownFileType = sourcecode.swift; path = OnboardingTableViewCell.swift; sourceTree = "<group>"; };
		094EB85828F6008A0060C2FF /* SwitchTableViewCell.swift */ = {isa = PBXFileReference; lastKnownFileType = sourcecode.swift; path = SwitchTableViewCell.swift; sourceTree = "<group>"; };
		094EB85D28F601070060C2FF /* DetailView.swift */ = {isa = PBXFileReference; lastKnownFileType = sourcecode.swift; path = DetailView.swift; sourceTree = "<group>"; };
/* End PBXFileReference section */

/* Begin PBXFrameworksBuildPhase section */
		094EB82F28F5FBD80060C2FF /* Frameworks */ = {
			isa = PBXFrameworksBuildPhase;
			buildActionMask = 2147483647;
			files = (
				094EB85C28F600C90060C2FF /* SnapKit in Frameworks */,
			);
			runOnlyForDeploymentPostprocessing = 0;
		};
/* End PBXFrameworksBuildPhase section */

/* Begin PBXGroup section */
		094EB82928F5FBD80060C2FF = {
			isa = PBXGroup;
			children = (
				094EB83428F5FBD80060C2FF /* HW-15 */,
				094EB83328F5FBD80060C2FF /* Products */,
			);
			sourceTree = "<group>";
		};
		094EB83328F5FBD80060C2FF /* Products */ = {
			isa = PBXGroup;
			children = (
				094EB83228F5FBD80060C2FF /* HW-15.app */,
			);
			name = Products;
			sourceTree = "<group>";
		};
		094EB83428F5FBD80060C2FF /* HW-15 */ = {
			isa = PBXGroup;
			children = (
				094EB84A28F5FDDB0060C2FF /* Sources */,
				094EB84928F5FDD60060C2FF /* Resources */,
				094EB83B28F5FBD90060C2FF /* Main.storyboard */,
				094EB84028F5FBDC0060C2FF /* LaunchScreen.storyboard */,
			);
			path = "HW-15";
			sourceTree = "<group>";
		};
		094EB84928F5FDD60060C2FF /* Resources */ = {
			isa = PBXGroup;
			children = (
				094EB83E28F5FBDC0060C2FF /* Assets.xcassets */,
				094EB84328F5FBDC0060C2FF /* Info.plist */,
			);
			path = Resources;
			sourceTree = "<group>";
		};
		094EB84A28F5FDDB0060C2FF /* Sources */ = {
			isa = PBXGroup;
			children = (
				094EB84C28F5FDF80060C2FF /* Scenes */,
				094EB84B28F5FDF20060C2FF /* App */,
			);
			path = Sources;
			sourceTree = "<group>";
		};
		094EB84B28F5FDF20060C2FF /* App */ = {
			isa = PBXGroup;
			children = (
				094EB83528F5FBD80060C2FF /* AppDelegate.swift */,
			);
			path = App;
			sourceTree = "<group>";
		};
		094EB84C28F5FDF80060C2FF /* Scenes */ = {
			isa = PBXGroup;
			children = (
				094EB84D28F5FE6A0060C2FF /* Controller */,
				094EB84F28F5FE740060C2FF /* View */,
				094EB84E28F5FE6F0060C2FF /* Model */,
			);
			path = Scenes;
			sourceTree = "<group>";
		};
		094EB84D28F5FE6A0060C2FF /* Controller */ = {
			isa = PBXGroup;
			children = (
				094EB83928F5FBD80060C2FF /* ViewController.swift */,
			);
			path = Controller;
			sourceTree = "<group>";
		};
		094EB84E28F5FE6F0060C2FF /* Model */ = {
			isa = PBXGroup;
			children = (
				094EB85028F5FED70060C2FF /* OnboardingModel.swift */,
				094EB85228F5FEE30060C2FF /* Onboarding.swift */,
			);
			path = Model;
			sourceTree = "<group>";
		};
		094EB84F28F5FE740060C2FF /* View */ = {
			isa = PBXGroup;
			children = (
				094EB85428F5FFBC0060C2FF /* OnboardingView.swift */,
				094EB85628F6005A0060C2FF /* OnboardingTableViewCell.swift */,
				094EB85828F6008A0060C2FF /* SwitchTableViewCell.swift */,
				094EB85D28F601070060C2FF /* DetailView.swift */,
			);
			path = View;
			sourceTree = "<group>";
		};
/* End PBXGroup section */

/* Begin PBXNativeTarget section */
		094EB83128F5FBD80060C2FF /* HW-15 */ = {
			isa = PBXNativeTarget;
			buildConfigurationList = 094EB84628F5FBDC0060C2FF /* Build configuration list for PBXNativeTarget "HW-15" */;
			buildPhases = (
				094EB82E28F5FBD80060C2FF /* Sources */,
				094EB82F28F5FBD80060C2FF /* Frameworks */,
				094EB83028F5FBD80060C2FF /* Resources */,
			);
			buildRules = (
			);
			dependencies = (
			);
			name = "HW-15";
			packageProductDependencies = (
				094EB85B28F600C90060C2FF /* SnapKit */,
			);
			productName = "HW-15";
			productReference = 094EB83228F5FBD80060C2FF /* HW-15.app */;
			productType = "com.apple.product-type.application";
		};
/* End PBXNativeTarget section */

/* Begin PBXProject section */
		094EB82A28F5FBD80060C2FF /* Project object */ = {
			isa = PBXProject;
			attributes = {
				BuildIndependentTargetsInParallel = 1;
				LastSwiftUpdateCheck = 1340;
				LastUpgradeCheck = 1340;
				TargetAttributes = {
					094EB83128F5FBD80060C2FF = {
						CreatedOnToolsVersion = 13.4;
					};
				};
			};
			buildConfigurationList = 094EB82D28F5FBD80060C2FF /* Build configuration list for PBXProject "HW-15" */;
			compatibilityVersion = "Xcode 13.0";
			developmentRegion = en;
			hasScannedForEncodings = 0;
			knownRegions = (
				en,
				Base,
			);
			mainGroup = 094EB82928F5FBD80060C2FF;
			packageReferences = (
				094EB85A28F600C90060C2FF /* XCRemoteSwiftPackageReference "SnapKit" */,
			);
			productRefGroup = 094EB83328F5FBD80060C2FF /* Products */;
			projectDirPath = "";
			projectRoot = "";
			targets = (
				094EB83128F5FBD80060C2FF /* HW-15 */,
			);
		};
/* End PBXProject section */

/* Begin PBXResourcesBuildPhase section */
		094EB83028F5FBD80060C2FF /* Resources */ = {
			isa = PBXResourcesBuildPhase;
			buildActionMask = 2147483647;
			files = (
				094EB84228F5FBDC0060C2FF /* LaunchScreen.storyboard in Resources */,
				094EB83F28F5FBDC0060C2FF /* Assets.xcassets in Resources */,
				094EB83D28F5FBD90060C2FF /* Main.storyboard in Resources */,
			);
			runOnlyForDeploymentPostprocessing = 0;
		};
/* End PBXResourcesBuildPhase section */

/* Begin PBXSourcesBuildPhase section */
		094EB82E28F5FBD80060C2FF /* Sources */ = {
			isa = PBXSourcesBuildPhase;
			buildActionMask = 2147483647;
			files = (
				094EB85128F5FED70060C2FF /* OnboardingModel.swift in Sources */,
				094EB85E28F601070060C2FF /* DetailView.swift in Sources */,
				094EB85928F6008A0060C2FF /* SwitchTableViewCell.swift in Sources */,
				094EB85728F6005A0060C2FF /* OnboardingTableViewCell.swift in Sources */,
				094EB83A28F5FBD80060C2FF /* ViewController.swift in Sources */,
				094EB85328F5FEE40060C2FF /* Onboarding.swift in Sources */,
				094EB85528F5FFBC0060C2FF /* OnboardingView.swift in Sources */,
				094EB83628F5FBD80060C2FF /* AppDelegate.swift in Sources */,
			);
			runOnlyForDeploymentPostprocessing = 0;
		};
/* End PBXSourcesBuildPhase section */

/* Begin PBXVariantGroup section */
		094EB83B28F5FBD90060C2FF /* Main.storyboard */ = {
			isa = PBXVariantGroup;
			children = (
				094EB83C28F5FBD90060C2FF /* Base */,
			);
			name = Main.storyboard;
			sourceTree = "<group>";
		};
		094EB84028F5FBDC0060C2FF /* LaunchScreen.storyboard */ = {
			isa = PBXVariantGroup;
			children = (
				094EB84128F5FBDC0060C2FF /* Base */,
			);
			name = LaunchScreen.storyboard;
			sourceTree = "<group>";
		};
/* End PBXVariantGroup section */

/* Begin XCBuildConfiguration section */
		094EB84428F5FBDC0060C2FF /* Debug */ = {
			isa = XCBuildConfiguration;
			buildSettings = {
				ALWAYS_SEARCH_USER_PATHS = NO;
				CLANG_ANALYZER_NONNULL = YES;
				CLANG_ANALYZER_NUMBER_OBJECT_CONVERSION = YES_AGGRESSIVE;
				CLANG_CXX_LANGUAGE_STANDARD = "gnu++17";
				CLANG_ENABLE_MODULES = YES;
				CLANG_ENABLE_OBJC_ARC = YES;
				CLANG_ENABLE_OBJC_WEAK = YES;
				CLANG_WARN_BLOCK_CAPTURE_AUTORELEASING = YES;
				CLANG_WARN_BOOL_CONVERSION = YES;
				CLANG_WARN_COMMA = YES;
				CLANG_WARN_CONSTANT_CONVERSION = YES;
				CLANG_WARN_DEPRECATED_OBJC_IMPLEMENTATIONS = YES;
				CLANG_WARN_DIRECT_OBJC_ISA_USAGE = YES_ERROR;
				CLANG_WARN_DOCUMENTATION_COMMENTS = YES;
				CLANG_WARN_EMPTY_BODY = YES;
				CLANG_WARN_ENUM_CONVERSION = YES;
				CLANG_WARN_INFINITE_RECURSION = YES;
				CLANG_WARN_INT_CONVERSION = YES;
				CLANG_WARN_NON_LITERAL_NULL_CONVERSION = YES;
				CLANG_WARN_OBJC_IMPLICIT_RETAIN_SELF = YES;
				CLANG_WARN_OBJC_LITERAL_CONVERSION = YES;
				CLANG_WARN_OBJC_ROOT_CLASS = YES_ERROR;
				CLANG_WARN_QUOTED_INCLUDE_IN_FRAMEWORK_HEADER = YES;
				CLANG_WARN_RANGE_LOOP_ANALYSIS = YES;
				CLANG_WARN_STRICT_PROTOTYPES = YES;
				CLANG_WARN_SUSPICIOUS_MOVE = YES;
				CLANG_WARN_UNGUARDED_AVAILABILITY = YES_AGGRESSIVE;
				CLANG_WARN_UNREACHABLE_CODE = YES;
				CLANG_WARN__DUPLICATE_METHOD_MATCH = YES;
				COPY_PHASE_STRIP = NO;
				DEBUG_INFORMATION_FORMAT = dwarf;
				ENABLE_STRICT_OBJC_MSGSEND = YES;
				ENABLE_TESTABILITY = YES;
				GCC_C_LANGUAGE_STANDARD = gnu11;
				GCC_DYNAMIC_NO_PIC = NO;
				GCC_NO_COMMON_BLOCKS = YES;
				GCC_OPTIMIZATION_LEVEL = 0;
				GCC_PREPROCESSOR_DEFINITIONS = (
					"DEBUG=1",
					"$(inherited)",
				);
				GCC_WARN_64_TO_32_BIT_CONVERSION = YES;
				GCC_WARN_ABOUT_RETURN_TYPE = YES_ERROR;
				GCC_WARN_UNDECLARED_SELECTOR = YES;
				GCC_WARN_UNINITIALIZED_AUTOS = YES_AGGRESSIVE;
				GCC_WARN_UNUSED_FUNCTION = YES;
				GCC_WARN_UNUSED_VARIABLE = YES;
				INFOPLIST_FILE = "HW-15/Resources/Info.plist";
				IPHONEOS_DEPLOYMENT_TARGET = 15.5;
				MTL_ENABLE_DEBUG_INFO = INCLUDE_SOURCE;
				MTL_FAST_MATH = YES;
				ONLY_ACTIVE_ARCH = YES;
				SDKROOT = iphoneos;
				SWIFT_ACTIVE_COMPILATION_CONDITIONS = DEBUG;
				SWIFT_OPTIMIZATION_LEVEL = "-Onone";
			};
			name = Debug;
		};
		094EB84528F5FBDC0060C2FF /* Release */ = {
			isa = XCBuildConfiguration;
			buildSettings = {
				ALWAYS_SEARCH_USER_PATHS = NO;
				CLANG_ANALYZER_NONNULL = YES;
				CLANG_ANALYZER_NUMBER_OBJECT_CONVERSION = YES_AGGRESSIVE;
				CLANG_CXX_LANGUAGE_STANDARD = "gnu++17";
				CLANG_ENABLE_MODULES = YES;
				CLANG_ENABLE_OBJC_ARC = YES;
				CLANG_ENABLE_OBJC_WEAK = YES;
				CLANG_WARN_BLOCK_CAPTURE_AUTORELEASING = YES;
				CLANG_WARN_BOOL_CONVERSION = YES;
				CLANG_WARN_COMMA = YES;
				CLANG_WARN_CONSTANT_CONVERSION = YES;
				CLANG_WARN_DEPRECATED_OBJC_IMPLEMENTATIONS = YES;
				CLANG_WARN_DIRECT_OBJC_ISA_USAGE = YES_ERROR;
				CLANG_WARN_DOCUMENTATION_COMMENTS = YES;
				CLANG_WARN_EMPTY_BODY = YES;
				CLANG_WARN_ENUM_CONVERSION = YES;
				CLANG_WARN_INFINITE_RECURSION = YES;
				CLANG_WARN_INT_CONVERSION = YES;
				CLANG_WARN_NON_LITERAL_NULL_CONVERSION = YES;
				CLANG_WARN_OBJC_IMPLICIT_RETAIN_SELF = YES;
				CLANG_WARN_OBJC_LITERAL_CONVERSION = YES;
				CLANG_WARN_OBJC_ROOT_CLASS = YES_ERROR;
				CLANG_WARN_QUOTED_INCLUDE_IN_FRAMEWORK_HEADER = YES;
				CLANG_WARN_RANGE_LOOP_ANALYSIS = YES;
				CLANG_WARN_STRICT_PROTOTYPES = YES;
				CLANG_WARN_SUSPICIOUS_MOVE = YES;
				CLANG_WARN_UNGUARDED_AVAILABILITY = YES_AGGRESSIVE;
				CLANG_WARN_UNREACHABLE_CODE = YES;
				CLANG_WARN__DUPLICATE_METHOD_MATCH = YES;
				COPY_PHASE_STRIP = NO;
				DEBUG_INFORMATION_FORMAT = "dwarf-with-dsym";
				ENABLE_NS_ASSERTIONS = NO;
				ENABLE_STRICT_OBJC_MSGSEND = YES;
				GCC_C_LANGUAGE_STANDARD = gnu11;
				GCC_NO_COMMON_BLOCKS = YES;
				GCC_WARN_64_TO_32_BIT_CONVERSION = YES;
				GCC_WARN_ABOUT_RETURN_TYPE = YES_ERROR;
				GCC_WARN_UNDECLARED_SELECTOR = YES;
				GCC_WARN_UNINITIALIZED_AUTOS = YES_AGGRESSIVE;
				GCC_WARN_UNUSED_FUNCTION = YES;
				GCC_WARN_UNUSED_VARIABLE = YES;
				INFOPLIST_FILE = "HW-15/Resources/Info.plist";
				IPHONEOS_DEPLOYMENT_TARGET = 15.5;
				MTL_ENABLE_DEBUG_INFO = NO;
				MTL_FAST_MATH = YES;
				SDKROOT = iphoneos;
				SWIFT_COMPILATION_MODE = wholemodule;
				SWIFT_OPTIMIZATION_LEVEL = "-O";
				VALIDATE_PRODUCT = YES;
			};
			name = Release;
		};
		094EB84728F5FBDC0060C2FF /* Debug */ = {
			isa = XCBuildConfiguration;
			buildSettings = {
				ASSETCATALOG_COMPILER_APPICON_NAME = AppIcon;
				ASSETCATALOG_COMPILER_GLOBAL_ACCENT_COLOR_NAME = AccentColor;
				CODE_SIGN_STYLE = Automatic;
				CURRENT_PROJECT_VERSION = 1;
				GENERATE_INFOPLIST_FILE = YES;
				INFOPLIST_FILE = "HW-15/Resources/Info.plist";
				INFOPLIST_KEY_UIApplicationSupportsIndirectInputEvents = YES;
				INFOPLIST_KEY_UILaunchStoryboardName = LaunchScreen;
				INFOPLIST_KEY_UIMainStoryboardFile = Main;
				INFOPLIST_KEY_UISupportedInterfaceOrientations_iPad = "UIInterfaceOrientationPortrait UIInterfaceOrientationPortraitUpsideDown UIInterfaceOrientationLandscapeLeft UIInterfaceOrientationLandscapeRight";
				INFOPLIST_KEY_UISupportedInterfaceOrientations_iPhone = "UIInterfaceOrientationPortrait UIInterfaceOrientationLandscapeLeft UIInterfaceOrientationLandscapeRight";
				IPHONEOS_DEPLOYMENT_TARGET = 15.3;
				LD_RUNPATH_SEARCH_PATHS = (
					"$(inherited)",
					"@executable_path/Frameworks",
				);
				MARKETING_VERSION = 1.0;
				PRODUCT_BUNDLE_IDENTIFIER = "com.my.HW-15";
				PRODUCT_NAME = "$(TARGET_NAME)";
				SWIFT_EMIT_LOC_STRINGS = YES;
				SWIFT_VERSION = 5.0;
				TARGETED_DEVICE_FAMILY = "1,2";
			};
			name = Debug;
		};
		094EB84828F5FBDC0060C2FF /* Release */ = {
			isa = XCBuildConfiguration;
			buildSettings = {
				ASSETCATALOG_COMPILER_APPICON_NAME = AppIcon;
				ASSETCATALOG_COMPILER_GLOBAL_ACCENT_COLOR_NAME = AccentColor;
				CODE_SIGN_STYLE = Automatic;
				CURRENT_PROJECT_VERSION = 1;
				GENERATE_INFOPLIST_FILE = YES;
				INFOPLIST_FILE = "HW-15/Resources/Info.plist";
				INFOPLIST_KEY_UIApplicationSupportsIndirectInputEvents = YES;
				INFOPLIST_KEY_UILaunchStoryboardName = LaunchScreen;
				INFOPLIST_KEY_UIMainStoryboardFile = Main;
				INFOPLIST_KEY_UISupportedInterfaceOrientations_iPad = "UIInterfaceOrientationPortrait UIInterfaceOrientationPortraitUpsideDown UIInterfaceOrientationLandscapeLeft UIInterfaceOrientationLandscapeRight";
				INFOPLIST_KEY_UISupportedInterfaceOrientations_iPhone = "UIInterfaceOrientationPortrait UIInterfaceOrientationLandscapeLeft UIInterfaceOrientationLandscapeRight";
				IPHONEOS_DEPLOYMENT_TARGET = 15.3;
				LD_RUNPATH_SEARCH_PATHS = (
					"$(inherited)",
					"@executable_path/Frameworks",
				);
				MARKETING_VERSION = 1.0;
				PRODUCT_BUNDLE_IDENTIFIER = "com.my.HW-15";
				PRODUCT_NAME = "$(TARGET_NAME)";
				SWIFT_EMIT_LOC_STRINGS = YES;
				SWIFT_VERSION = 5.0;
				TARGETED_DEVICE_FAMILY = "1,2";
			};
			name = Release;
		};
/* End XCBuildConfiguration section */

/* Begin XCConfigurationList section */
		094EB82D28F5FBD80060C2FF /* Build configuration list for PBXProject "HW-15" */ = {
			isa = XCConfigurationList;
			buildConfigurations = (
				094EB84428F5FBDC0060C2FF /* Debug */,
				094EB84528F5FBDC0060C2FF /* Release */,
			);
			defaultConfigurationIsVisible = 0;
			defaultConfigurationName = Release;
		};
		094EB84628F5FBDC0060C2FF /* Build configuration list for PBXNativeTarget "HW-15" */ = {
			isa = XCConfigurationList;
			buildConfigurations = (
				094EB84728F5FBDC0060C2FF /* Debug */,
				094EB84828F5FBDC0060C2FF /* Release */,
			);
			defaultConfigurationIsVisible = 0;
			defaultConfigurationName = Release;
		};
/* End XCConfigurationList section */

/* Begin XCRemoteSwiftPackageReference section */
		094EB85A28F600C90060C2FF /* XCRemoteSwiftPackageReference "SnapKit" */ = {
			isa = XCRemoteSwiftPackageReference;
			repositoryURL = "https://github.com/SnapKit/SnapKit.git";
			requirement = {
				branch = develop;
				kind = branch;
			};
		};
/* End XCRemoteSwiftPackageReference section */

/* Begin XCSwiftPackageProductDependency section */
		094EB85B28F600C90060C2FF /* SnapKit */ = {
			isa = XCSwiftPackageProductDependency;
			package = 094EB85A28F600C90060C2FF /* XCRemoteSwiftPackageReference "SnapKit" */;
			productName = SnapKit;
		};
/* End XCSwiftPackageProductDependency section */
	};
	rootObject = 094EB82A28F5FBD80060C2FF /* Project object */;
}
